
Microsoft Visual Studio Solution File, Format Version 12.00
# Visual Studio Version 16
VisualStudioVersion = 16.0.30011.22
MinimumVisualStudioVersion = 10.0.40219.1
Project("{9A19103F-16F7-4668-BE54-9A1E7A4F7556}") = "DiaryApp", "DiaryApp\DiaryApp.csproj", "{97462E10-D22B-4BCB-B6E0-494FF3D6E346}"
EndProject
Project("{9A19103F-16F7-4668-BE54-9A1E7A4F7556}") = "DB", "DB\DB.csproj", "{65F64C72-518E-4851-A223-0FA748C9B14B}"
EndProject
Project("{FAE04EC0-301F-11D3-BF4B-00C04F79EFBC}") = "Contracts", "Contracts\Contracts.csproj", "{75B5CBFB-93AA-44E4-9E41-3497FE40A73D}"
EndProject
Global
	GlobalSection(SolutionConfigurationPlatforms) = preSolution
		Debug|Any CPU = Debug|Any CPU
		Release|Any CPU = Release|Any CPU
	EndGlobalSection
	GlobalSection(ProjectConfigurationPlatforms) = postSolution
		{97462E10-D22B-4BCB-B6E0-494FF3D6E346}.Debug|Any CPU.ActiveCfg = Debug|Any CPU
		{97462E10-D22B-4BCB-B6E0-494FF3D6E346}.Debug|Any CPU.Build.0 = Debug|Any CPU
		{97462E10-D22B-4BCB-B6E0-494FF3D6E346}.Release|Any CPU.ActiveCfg = Release|Any CPU
		{97462E10-D22B-4BCB-B6E0-494FF3D6E346}.Release|Any CPU.Build.0 = Release|Any CPU
		{65F64C72-518E-4851-A223-0FA748C9B14B}.Debug|Any CPU.ActiveCfg = Debug|Any CPU
		{65F64C72-518E-4851-A223-0FA748C9B14B}.Debug|Any CPU.Build.0 = Debug|Any CPU
		{65F64C72-518E-4851-A223-0FA748C9B14B}.Release|Any CPU.ActiveCfg = Release|Any CPU
		{65F64C72-518E-4851-A223-0FA748C9B14B}.Release|Any CPU.Build.0 = Release|Any CPU
		{75B5CBFB-93AA-44E4-9E41-3497FE40A73D}.Debug|Any CPU.ActiveCfg = Debug|Any CPU
		{75B5CBFB-93AA-44E4-9E41-3497FE40A73D}.Debug|Any CPU.Build.0 = Debug|Any CPU
		{75B5CBFB-93AA-44E4-9E41-3497FE40A73D}.Release|Any CPU.ActiveCfg = Release|Any CPU
		{75B5CBFB-93AA-44E4-9E41-3497FE40A73D}.Release|Any CPU.Build.0 = Release|Any CPU
	EndGlobalSection
	GlobalSection(SolutionProperties) = preSolution
		HideSolutionNode = FALSE
	EndGlobalSection
	GlobalSection(ExtensibilityGlobals) = postSolution
		SolutionGuid = {D940485A-F98C-4EF6-A1AF-3BC8996AAE93}
	EndGlobalSection
EndGlobal
